// !$*UTF8*$!
{
	archiveVersion = 1;
	classes = {
	};
	objectVersion = 46;
	objects = {

/* Begin PBXBuildFile section */
		1AB2F8E019DA714200BA0EDE /* AppDelegate.swift in Sources */ = {isa = PBXBuildFile; fileRef = 1AB2F8DF19DA714200BA0EDE /* AppDelegate.swift */; };
		1AB2F8E219DA714200BA0EDE /* ViewController.swift in Sources */ = {isa = PBXBuildFile; fileRef = 1AB2F8E119DA714200BA0EDE /* ViewController.swift */; };
		1AB2F8E519DA714200BA0EDE /* Main.storyboard in Resources */ = {isa = PBXBuildFile; fileRef = 1AB2F8E319DA714200BA0EDE /* Main.storyboard */; };
		1AB2F8E719DA714200BA0EDE /* Images.xcassets in Resources */ = {isa = PBXBuildFile; fileRef = 1AB2F8E619DA714200BA0EDE /* Images.xcassets */; };
		1AB2F8EA19DA714200BA0EDE /* LaunchScreen.xib in Resources */ = {isa = PBXBuildFile; fileRef = 1AB2F8E819DA714200BA0EDE /* LaunchScreen.xib */; };
		1AB2F8F619DA714300BA0EDE /* testerTests.swift in Sources */ = {isa = PBXBuildFile; fileRef = 1AB2F8F519DA714300BA0EDE /* testerTests.swift */; };
/* End PBXBuildFile section */

/* Begin PBXContainerItemProxy section */
		1AB2F8F019DA714300BA0EDE /* PBXContainerItemProxy */ = {
			isa = PBXContainerItemProxy;
			containerPortal = 1AB2F8D219DA714200BA0EDE /* Project object */;
			proxyType = 1;
			remoteGlobalIDString = 1AB2F8D919DA714200BA0EDE;
			remoteInfo = tester;
		};
/* End PBXContainerItemProxy section */

/* Begin PBXFileReference section */
		1AB2F8DA19DA714200BA0EDE /* tester.app */ = {isa = PBXFileReference; explicitFileType = wrapper.application; includeInIndex = 0; path = tester.app; sourceTree = BUILT_PRODUCTS_DIR; };
		1AB2F8DE19DA714200BA0EDE /* Info.plist */ = {isa = PBXFileReference; lastKnownFileType = text.plist.xml; path = Info.plist; sourceTree = "<group>"; };
		1AB2F8DF19DA714200BA0EDE /* AppDelegate.swift */ = {isa = PBXFileReference; lastKnownFileType = sourcecode.swift; path = AppDelegate.swift; sourceTree = "<group>"; };
		1AB2F8E119DA714200BA0EDE /* ViewController.swift */ = {isa = PBXFileReference; lastKnownFileType = sourcecode.swift; path = ViewController.swift; sourceTree = "<group>"; };
		1AB2F8E419DA714200BA0EDE /* Base */ = {isa = PBXFileReference; lastKnownFileType = file.storyboard; name = Base; path = Base.lproj/Main.storyboard; sourceTree = "<group>"; };
		1AB2F8E619DA714200BA0EDE /* Images.xcassets */ = {isa = PBXFileReference; lastKnownFileType = folder.assetcatalog; path = Images.xcassets; sourceTree = "<group>"; };
		1AB2F8E919DA714200BA0EDE /* Base */ = {isa = PBXFileReference; lastKnownFileType = file.xib; name = Base; path = Base.lproj/LaunchScreen.xib; sourceTree = "<group>"; };
		1AB2F8EF19DA714300BA0EDE /* testerTests.xctest */ = {isa = PBXFileReference; explicitFileType = wrapper.cfbundle; includeInIndex = 0; path = testerTests.xctest; sourceTree = BUILT_PRODUCTS_DIR; };
		1AB2F8F419DA714300BA0EDE /* Info.plist */ = {isa = PBXFileReference; lastKnownFileType = text.plist.xml; path = Info.plist; sourceTree = "<group>"; };
		1AB2F8F519DA714300BA0EDE /* testerTests.swift */ = {isa = PBXFileReference; lastKnownFileType = sourcecode.swift; path = testerTests.swift; sourceTree = "<group>"; };
/* End PBXFileReference section */

/* Begin PBXFrameworksBuildPhase section */
		1AB2F8D719DA714200BA0EDE /* Frameworks */ = {
			isa = PBXFrameworksBuildPhase;
			buildActionMask = 2147483647;
			files = (
			);
			runOnlyForDeploymentPostprocessing = 0;
		};
		1AB2F8EC19DA714300BA0EDE /* Frameworks */ = {
			isa = PBXFrameworksBuildPhase;
			buildActionMask = 2147483647;
			files = (
			);
			runOnlyForDeploymentPostprocessing = 0;
		};
/* End PBXFrameworksBuildPhase section */

/* Begin PBXGroup section */
		1AB2F8D119DA714200BA0EDE = {
			isa = PBXGroup;
			children = (
				1AB2F8DC19DA714200BA0EDE /* tester */,
				1AB2F8F219DA714300BA0EDE /* testerTests */,
				1AB2F8DB19DA714200BA0EDE /* Products */,
			);
			sourceTree = "<group>";
		};
		1AB2F8DB19DA714200BA0EDE /* Products */ = {
			isa = PBXGroup;
			children = (
				1AB2F8DA19DA714200BA0EDE /* tester.app */,
				1AB2F8EF19DA714300BA0EDE /* testerTests.xctest */,
			);
			name = Products;
			sourceTree = "<group>";
		};
		1AB2F8DC19DA714200BA0EDE /* tester */ = {
			isa = PBXGroup;
			children = (
				1AB2F8DF19DA714200BA0EDE /* AppDelegate.swift */,
				1AB2F8E119DA714200BA0EDE /* ViewController.swift */,
				1AB2F8E319DA714200BA0EDE /* Main.storyboard */,
				1AB2F8E619DA714200BA0EDE /* Images.xcassets */,
				1AB2F8E819DA714200BA0EDE /* LaunchScreen.xib */,
				1AB2F8DD19DA714200BA0EDE /* Supporting Files */,
			);
			path = tester;
			sourceTree = "<group>";
		};
		1AB2F8DD19DA714200BA0EDE /* Supporting Files */ = {
			isa = PBXGroup;
			children = (
				1AB2F8DE19DA714200BA0EDE /* Info.plist */,
			);
			name = "Supporting Files";
			sourceTree = "<group>";
		};
		1AB2F8F219DA714300BA0EDE /* testerTests */ = {
			isa = PBXGroup;
			children = (
				1AB2F8F519DA714300BA0EDE /* testerTests.swift */,
				1AB2F8F319DA714300BA0EDE /* Supporting Files */,
			);
			path = testerTests;
			sourceTree = "<group>";
		};
		1AB2F8F319DA714300BA0EDE /* Supporting Files */ = {
			isa = PBXGroup;
			children = (
				1AB2F8F419DA714300BA0EDE /* Info.plist */,
			);
			name = "Supporting Files";
			sourceTree = "<group>";
		};
/* End PBXGroup section */

/* Begin PBXNativeTarget section */
		1AB2F8D919DA714200BA0EDE /* tester */ = {
			isa = PBXNativeTarget;
			buildConfigurationList = 1AB2F8F919DA714300BA0EDE /* Build configuration list for PBXNativeTarget "tester" */;
			buildPhases = (
				1AB2F8D619DA714200BA0EDE /* Sources */,
				1AB2F8D719DA714200BA0EDE /* Frameworks */,
				1AB2F8D819DA714200BA0EDE /* Resources */,
			);
			buildRules = (
			);
			dependencies = (
			);
			name = tester;
			productName = tester;
			productReference = 1AB2F8DA19DA714200BA0EDE /* tester.app */;
			productType = "com.apple.product-type.application";
		};
		1AB2F8EE19DA714300BA0EDE /* testerTests */ = {
			isa = PBXNativeTarget;
			buildConfigurationList = 1AB2F8FC19DA714300BA0EDE /* Build configuration list for PBXNativeTarget "testerTests" */;
			buildPhases = (
				1AB2F8EB19DA714300BA0EDE /* Sources */,
				1AB2F8EC19DA714300BA0EDE /* Frameworks */,
				1AB2F8ED19DA714300BA0EDE /* Resources */,
			);
			buildRules = (
			);
			dependencies = (
				1AB2F8F119DA714300BA0EDE /* PBXTargetDependency */,
			);
			name = testerTests;
			productName = testerTests;
			productReference = 1AB2F8EF19DA714300BA0EDE /* testerTests.xctest */;
			productType = "com.apple.product-type.bundle.unit-test";
		};
/* End PBXNativeTarget section */

/* Begin PBXProject section */
		1AB2F8D219DA714200BA0EDE /* Project object */ = {
			isa = PBXProject;
			attributes = {
				LastUpgradeCheck = 0600;
				ORGANIZATIONNAME = "James Chisolm";
				TargetAttributes = {
					1AB2F8D919DA714200BA0EDE = {
						CreatedOnToolsVersion = 6.0.1;
					};
					1AB2F8EE19DA714300BA0EDE = {
						CreatedOnToolsVersion = 6.0.1;
						TestTargetID = 1AB2F8D919DA714200BA0EDE;
					};
				};
			};
			buildConfigurationList = 1AB2F8D519DA714200BA0EDE /* Build configuration list for PBXProject "tester" */;
			compatibilityVersion = "Xcode 3.2";
			developmentRegion = English;
			hasScannedForEncodings = 0;
			knownRegions = (
				en,
				Base,
			);
			mainGroup = 1AB2F8D119DA714200BA0EDE;
			productRefGroup = 1AB2F8DB19DA714200BA0EDE /* Products */;
			projectDirPath = "";
			projectRoot = "";
			targets = (
				1AB2F8D919DA714200BA0EDE /* tester */,
				1AB2F8EE19DA714300BA0EDE /* testerTests */,
			);
		};
/* End PBXProject section */

/* Begin PBXResourcesBuildPhase section */
		1AB2F8D819DA714200BA0EDE /* Resources */ = {
			isa = PBXResourcesBuildPhase;
			buildActionMask = 2147483647;
			files = (
				1AB2F8E519DA714200BA0EDE /* Main.storyboard in Resources */,
				1AB2F8EA19DA714200BA0EDE /* LaunchScreen.xib in Resources */,
				1AB2F8E719DA714200BA0EDE /* Images.xcassets in Resources */,
			);
			runOnlyForDeploymentPostprocessing = 0;
		};
		1AB2F8ED19DA714300BA0EDE /* Resources */ = {
			isa = PBXResourcesBuildPhase;
			buildActionMask = 2147483647;
			files = (
			);
			runOnlyForDeploymentPostprocessing = 0;
		};
/* End PBXResourcesBuildPhase section */

/* Begin PBXSourcesBuildPhase section */
		1AB2F8D619DA714200BA0EDE /* Sources */ = {
			isa = PBXSourcesBuildPhase;
			buildActionMask = 2147483647;
			files = (
				1AB2F8E219DA714200BA0EDE /* ViewController.swift in Sources */,
				1AB2F8E019DA714200BA0EDE /* AppDelegate.swift in Sources */,
			);
			runOnlyForDeploymentPostprocessing = 0;
		};
		1AB2F8EB19DA714300BA0EDE /* Sources */ = {
			isa = PBXSourcesBuildPhase;
			buildActionMask = 2147483647;
			files = (
				1AB2F8F619DA714300BA0EDE /* testerTests.swift in Sources */,
			);
			runOnlyForDeploymentPostprocessing = 0;
		};
/* End PBXSourcesBuildPhase section */

/* Begin PBXTargetDependency section */
		1AB2F8F119DA714300BA0EDE /* PBXTargetDependency */ = {
			isa = PBXTargetDependency;
			target = 1AB2F8D919DA714200BA0EDE /* tester */;
			targetProxy = 1AB2F8F019DA714300BA0EDE /* PBXContainerItemProxy */;
		};
/* End PBXTargetDependency section */

/* Begin PBXVariantGroup section */
		1AB2F8E319DA714200BA0EDE /* Main.storyboard */ = {
			isa = PBXVariantGroup;
			children = (
				1AB2F8E419DA714200BA0EDE /* Base */,
			);
			name = Main.storyboard;
			sourceTree = "<group>";
		};
		1AB2F8E819DA714200BA0EDE /* LaunchScreen.xib */ = {
			isa = PBXVariantGroup;
			children = (
				1AB2F8E919DA714200BA0EDE /* Base */,
			);
			name = LaunchScreen.xib;
			sourceTree = "<group>";
		};
/* End PBXVariantGroup section */

/* Begin XCBuildConfiguration section */
		1AB2F8F719DA714300BA0EDE /* Debug */ = {
			isa = XCBuildConfiguration;
			buildSettings = {
				ALWAYS_SEARCH_USER_PATHS = NO;
				CLANG_CXX_LANGUAGE_STANDARD = "gnu++0x";
				CLANG_CXX_LIBRARY = "libc++";
				CLANG_ENABLE_MODULES = YES;
				CLANG_ENABLE_OBJC_ARC = YES;
				CLANG_WARN_BOOL_CONVERSION = YES;
				CLANG_WARN_CONSTANT_CONVERSION = YES;
				CLANG_WARN_DIRECT_OBJC_ISA_USAGE = YES_ERROR;
				CLANG_WARN_EMPTY_BODY = YES;
				CLANG_WARN_ENUM_CONVERSION = YES;
				CLANG_WARN_INT_CONVERSION = YES;
				CLANG_WARN_OBJC_ROOT_CLASS = YES_ERROR;
				CLANG_WARN_UNREACHABLE_CODE = YES;
				CLANG_WARN__DUPLICATE_METHOD_MATCH = YES;
				"CODE_SIGN_IDENTITY[sdk=iphoneos*]" = "iPhone Developer";
				COPY_PHASE_STRIP = NO;
				ENABLE_STRICT_OBJC_MSGSEND = YES;
				GCC_C_LANGUAGE_STANDARD = gnu99;
				GCC_DYNAMIC_NO_PIC = NO;
				GCC_OPTIMIZATION_LEVEL = 0;
				GCC_PREPROCESSOR_DEFINITIONS = (
					"DEBUG=1",
					"$(inherited)",
				);
				GCC_SYMBOLS_PRIVATE_EXTERN = NO;
				GCC_WARN_64_TO_32_BIT_CONVERSION = YES;
				GCC_WARN_ABOUT_RETURN_TYPE = YES_ERROR;
				GCC_WARN_UNDECLARED_SELECTOR = YES;
				GCC_WARN_UNINITIALIZED_AUTOS = YES_AGGRESSIVE;
				GCC_WARN_UNUSED_FUNCTION = YES;
				GCC_WARN_UNUSED_VARIABLE = YES;
				IPHONEOS_DEPLOYMENT_TARGET = 8.0;
				MTL_ENABLE_DEBUG_INFO = YES;
				ONLY_ACTIVE_ARCH = YES;
				SDKROOT = iphoneos;
				SWIFT_OPTIMIZATION_LEVEL = "-Onone";
			};
			name = Debug;
		};
		1AB2F8F819DA714300BA0EDE /* Release */ = {
			isa = XCBuildConfiguration;
			buildSettings = {
				ALWAYS_SEARCH_USER_PATHS = NO;
				CLANG_CXX_LANGUAGE_STANDARD = "gnu++0x";
				CLANG_CXX_LIBRARY = "libc++";
				CLANG_ENABLE_MODULES = YES;
				CLANG_ENABLE_OBJC_ARC = YES;
				CLANG_WARN_BOOL_CONVERSION = YES;
				CLANG_WARN_CONSTANT_CONVERSION = YES;
				CLANG_WARN_DIRECT_OBJC_ISA_USAGE = YES_ERROR;
				CLANG_WARN_EMPTY_BODY = YES;
				CLANG_WARN_ENUM_CONVERSION = YES;
				CLANG_WARN_INT_CONVERSION = YES;
				CLANG_WARN_OBJC_ROOT_CLASS = YES_ERROR;
				CLANG_WARN_UNREACHABLE_CODE = YES;
				CLANG_WARN__DUPLICATE_METHOD_MATCH = YES;
				"CODE_SIGN_IDENTITY[sdk=iphoneos*]" = "iPhone Developer";
				COPY_PHASE_STRIP = YES;
				ENABLE_NS_ASSERTIONS = NO;
				ENABLE_STRICT_OBJC_MSGSEND = YES;
				GCC_C_LANGUAGE_STANDARD = gnu99;
				GCC_WARN_64_TO_32_BIT_CONVERSION = YES;
				GCC_WARN_ABOUT_RETURN_TYPE = YES_ERROR;
				GCC_WARN_UNDECLARED_SELECTOR = YES;
				GCC_WARN_UNINITIALIZED_AUTOS = YES_AGGRESSIVE;
				GCC_WARN_UNUSED_FUNCTION = YES;
				GCC_WARN_UNUSED_VARIABLE = YES;
				IPHONEOS_DEPLOYMENT_TARGET = 8.0;
				MTL_ENABLE_DEBUG_INFO = NO;
				SDKROOT = iphoneos;
				VALIDATE_PRODUCT = YES;
			};
			name = Release;
		};
		1AB2F8FA19DA714300BA0EDE /* Debug */ = {
			isa = XCBuildConfiguration;
			buildSettings = {
				ASSETCATALOG_COMPILER_APPICON_NAME = AppIcon;
				INFOPLIST_FILE = tester/Info.plist;
				LD_RUNPATH_SEARCH_PATHS = "$(inherited) @executable_path/Frameworks";
				PRODUCT_NAME = "$(TARGET_NAME)";
			};
			name = Debug;
		};
		1AB2F8FB19DA714300BA0EDE /* Release */ = {
			isa = XCBuildConfiguration;
			buildSettings = {
				ASSETCATALOG_COMPILER_APPICON_NAME = AppIcon;
				INFOPLIST_FILE = tester/Info.plist;
				LD_RUNPATH_SEARCH_PATHS = "$(inherited) @executable_path/Frameworks";
				PRODUCT_NAME = "$(TARGET_NAME)";
			};
			name = Release;
		};
		1AB2F8FD19DA714300BA0EDE /* Debug */ = {
			isa = XCBuildConfiguration;
			buildSettings = {
				BUNDLE_LOADER = "$(TEST_HOST)";
				FRAMEWORK_SEARCH_PATHS = (
					"$(SDKROOT)/Developer/Library/Frameworks",
					"$(inherited)",
				);
				GCC_PREPROCESSOR_DEFINITIONS = (
					"DEBUG=1",
					"$(inherited)",
				);
				INFOPLIST_FILE = testerTests/Info.plist;
				LD_RUNPATH_SEARCH_PATHS = "$(inherited) @executable_path/Frameworks @loader_path/Frameworks";
				PRODUCT_NAME = "$(TARGET_NAME)";
				TEST_HOST = "$(BUILT_PRODUCTS_DIR)/tester.app/tester";
			};
			name = Debug;
		};
		1AB2F8FE19DA714300BA0EDE /* Release */ = {
			isa = XCBuildConfiguration;
			buildSettings = {
				BUNDLE_LOADER = "$(TEST_HOST)";
				FRAMEWORK_SEARCH_PATHS = (
					"$(SDKROOT)/Developer/Library/Frameworks",
					"$(inherited)",
				);
				INFOPLIST_FILE = testerTests/Info.plist;
				LD_RUNPATH_SEARCH_PATHS = "$(inherited) @executable_path/Frameworks @loader_path/Frameworks";
				PRODUCT_NAME = "$(TARGET_NAME)";
				TEST_HOST = "$(BUILT_PRODUCTS_DIR)/tester.app/tester";
			};
			name = Release;
		};
/* End XCBuildConfiguration section */

/* Begin XCConfigurationList section */
		1AB2F8D519DA714200BA0EDE /* Build configuration list for PBXProject "tester" */ = {
			isa = XCConfigurationList;
			buildConfigurations = (
				1AB2F8F719DA714300BA0EDE /* Debug */,
				1AB2F8F819DA714300BA0EDE /* Release */,
			);
			defaultConfigurationIsVisible = 0;
			defaultConfigurationName = Release;
		};
		1AB2F8F919DA714300BA0EDE /* Build configuration list for PBXNativeTarget "tester" */ = {
			isa = XCConfigurationList;
			buildConfigurations = (
				1AB2F8FA19DA714300BA0EDE /* Debug */,
				1AB2F8FB19DA714300BA0EDE /* Release */,
			);
			defaultConfigurationIsVisible = 0;
		};
		1AB2F8FC19DA714300BA0EDE /* Build configuration list for PBXNativeTarget "testerTests" */ = {
			isa = XCConfigurationList;
			buildConfigurations = (
				1AB2F8FD19DA714300BA0EDE /* Debug */,
				1AB2F8FE19DA714300BA0EDE /* Release */,
			);
			defaultConfigurationIsVisible = 0;
		};
/* End XCConfigurationList section */
	};
	rootObject = 1AB2F8D219DA714200BA0EDE /* Project object */;
}
